dependencies:
- name: postgresql
  repository: https://charts.bitnami.com/bitnami
  version: 15.5.6
- name: kube-prometheus-stack
  repository: https://prometheus-community.github.io/helm-charts
  version: 60.2.0
digest: sha256:32dfc7961e83662a3a0a47baf75d9baf3aa5894c14d963bfed9ab96d03a4c139
generated: "2024-06-19T01:22:19.1137694+04:00"
