
Microsoft Visual Studio Solution File, Format Version 12.00
# Visual Studio Version 17
VisualStudioVersion = 17.9.34622.214
MinimumVisualStudioVersion = 10.0.40219.1
Project("{9A19103F-16F7-4668-BE54-9A1E7A4F7556}") = "Otus.Msa.Auth.Api", "Otus.Msa.Auth.Api\Otus.Msa.Auth.Api.csproj", "{49C56662-D1FD-4654-A698-19669545B1E9}"
EndProject
Project("{9A19103F-16F7-4668-BE54-9A1E7A4F7556}") = "Otus.Msa.Profile.Api", "Otus.Msa.Profile.Api\Otus.Msa.Profile.Api.csproj", "{6F3E9EFE-183B-4676-88F5-4B8BCA324C2E}"
EndProject
Global
	GlobalSection(SolutionConfigurationPlatforms) = preSolution
		Debug|Any CPU = Debug|Any CPU
		Release|Any CPU = Release|Any CPU
	EndGlobalSection
	GlobalSection(ProjectConfigurationPlatforms) = postSolution
		{49C56662-D1FD-4654-A698-19669545B1E9}.Debug|Any CPU.ActiveCfg = Debug|Any CPU
		{49C56662-D1FD-4654-A698-19669545B1E9}.Debug|Any CPU.Build.0 = Debug|Any CPU
		{49C56662-D1FD-4654-A698-19669545B1E9}.Release|Any CPU.ActiveCfg = Release|Any CPU
		{49C56662-D1FD-4654-A698-19669545B1E9}.Release|Any CPU.Build.0 = Release|Any CPU
		{6F3E9EFE-183B-4676-88F5-4B8BCA324C2E}.Debug|Any CPU.ActiveCfg = Debug|Any CPU
		{6F3E9EFE-183B-4676-88F5-4B8BCA324C2E}.Debug|Any CPU.Build.0 = Debug|Any CPU
		{6F3E9EFE-183B-4676-88F5-4B8BCA324C2E}.Release|Any CPU.ActiveCfg = Release|Any CPU
		{6F3E9EFE-183B-4676-88F5-4B8BCA324C2E}.Release|Any CPU.Build.0 = Release|Any CPU
	EndGlobalSection
	GlobalSection(SolutionProperties) = preSolution
		HideSolutionNode = FALSE
	EndGlobalSection
	GlobalSection(ExtensibilityGlobals) = postSolution
		SolutionGuid = {A727B464-31C1-4C0A-8F51-37FB1E43CCBB}
	EndGlobalSection
EndGlobal
